
Microsoft Visual Studio Solution File, Format Version 12.00
# Visual Studio Version 16
VisualStudioVersion = 16.0.31702.278
MinimumVisualStudioVersion = 10.0.40219.1
Project("{FAE04EC0-301F-11D3-BF4B-00C04F79EFBC}") = "CRUDEF", "CRUDEF.csproj", "{D3C89602-A3B0-4A0B-ABD2-3258431953A7}"
EndProject
Global
	GlobalSection(SolutionConfigurationPlatforms) = preSolution
		Debug|Any CPU = Debug|Any CPU
		Release|Any CPU = Release|Any CPU
	EndGlobalSection
	GlobalSection(ProjectConfigurationPlatforms) = postSolution
		{D3C89602-A3B0-4A0B-ABD2-3258431953A7}.Debug|Any CPU.ActiveCfg = Debug|Any CPU
		{D3C89602-A3B0-4A0B-ABD2-3258431953A7}.Debug|Any CPU.Build.0 = Debug|Any CPU
		{D3C89602-A3B0-4A0B-ABD2-3258431953A7}.Release|Any CPU.ActiveCfg = Release|Any CPU
		{D3C89602-A3B0-4A0B-ABD2-3258431953A7}.Release|Any CPU.Build.0 = Release|Any CPU
	EndGlobalSection
	GlobalSection(SolutionProperties) = preSolution
		HideSolutionNode = FALSE
	EndGlobalSection
	GlobalSection(ExtensibilityGlobals) = postSolution
		SolutionGuid = {63FE24F6-CB78-4B3A-A93F-6FA1E82098C0}
	EndGlobalSection
EndGlobal
